
Microsoft Visual Studio Solution File, Format Version 12.00
# Visual Studio 15
VisualStudioVersion = 15.0.28307.168
MinimumVisualStudioVersion = 10.0.40219.1
Project("{FAE04EC0-301F-11D3-BF4B-00C04F79EFBC}") = "Deep_Copy", "Deep_Copy\Deep_Copy.csproj", "{8C9264EA-8E3D-46F2-8102-98894FA34CE4}"
EndProject
Global
	GlobalSection(SolutionConfigurationPlatforms) = preSolution
		Debug|Any CPU = Debug|Any CPU
		Release|Any CPU = Release|Any CPU
	EndGlobalSection
	GlobalSection(ProjectConfigurationPlatforms) = postSolution
		{8C9264EA-8E3D-46F2-8102-98894FA34CE4}.Debug|Any CPU.ActiveCfg = Debug|Any CPU
		{8C9264EA-8E3D-46F2-8102-98894FA34CE4}.Debug|Any CPU.Build.0 = Debug|Any CPU
		{8C9264EA-8E3D-46F2-8102-98894FA34CE4}.Release|Any CPU.ActiveCfg = Release|Any CPU
		{8C9264EA-8E3D-46F2-8102-98894FA34CE4}.Release|Any CPU.Build.0 = Release|Any CPU
	EndGlobalSection
	GlobalSection(SolutionProperties) = preSolution
		HideSolutionNode = FALSE
	EndGlobalSection
	GlobalSection(ExtensibilityGlobals) = postSolution
		SolutionGuid = {FE44E06D-3014-4F37-AB35-60C45F771839}
	EndGlobalSection
EndGlobal
