
Microsoft Visual Studio Solution File, Format Version 12.00
# Visual Studio 15
VisualStudioVersion = 15.0.28307.168
MinimumVisualStudioVersion = 10.0.40219.1
Project("{FAE04EC0-301F-11D3-BF4B-00C04F79EFBC}") = "LogicalAnd", "LogicalAnd\LogicalAnd.csproj", "{779582E0-D139-48E9-BA80-C4E1484BC5B4}"
EndProject
Global
	GlobalSection(SolutionConfigurationPlatforms) = preSolution
		Debug|Any CPU = Debug|Any CPU
		Release|Any CPU = Release|Any CPU
	EndGlobalSection
	GlobalSection(ProjectConfigurationPlatforms) = postSolution
		{779582E0-D139-48E9-BA80-C4E1484BC5B4}.Debug|Any CPU.ActiveCfg = Debug|Any CPU
		{779582E0-D139-48E9-BA80-C4E1484BC5B4}.Debug|Any CPU.Build.0 = Debug|Any CPU
		{779582E0-D139-48E9-BA80-C4E1484BC5B4}.Release|Any CPU.ActiveCfg = Release|Any CPU
		{779582E0-D139-48E9-BA80-C4E1484BC5B4}.Release|Any CPU.Build.0 = Release|Any CPU
	EndGlobalSection
	GlobalSection(SolutionProperties) = preSolution
		HideSolutionNode = FALSE
	EndGlobalSection
	GlobalSection(ExtensibilityGlobals) = postSolution
		SolutionGuid = {36218F88-1A72-4BB1-8849-58D867AEB549}
	EndGlobalSection
EndGlobal
