
Microsoft Visual Studio Solution File, Format Version 12.00
# Visual Studio 15
VisualStudioVersion = 15.0.28307.168
MinimumVisualStudioVersion = 10.0.40219.1
Project("{FAE04EC0-301F-11D3-BF4B-00C04F79EFBC}") = "소멸자", "소멸자\소멸자.csproj", "{6EA74EA2-C90D-40BA-A9E3-77B42394D807}"
EndProject
Global
	GlobalSection(SolutionConfigurationPlatforms) = preSolution
		Debug|Any CPU = Debug|Any CPU
		Release|Any CPU = Release|Any CPU
	EndGlobalSection
	GlobalSection(ProjectConfigurationPlatforms) = postSolution
		{6EA74EA2-C90D-40BA-A9E3-77B42394D807}.Debug|Any CPU.ActiveCfg = Debug|Any CPU
		{6EA74EA2-C90D-40BA-A9E3-77B42394D807}.Debug|Any CPU.Build.0 = Debug|Any CPU
		{6EA74EA2-C90D-40BA-A9E3-77B42394D807}.Release|Any CPU.ActiveCfg = Release|Any CPU
		{6EA74EA2-C90D-40BA-A9E3-77B42394D807}.Release|Any CPU.Build.0 = Release|Any CPU
	EndGlobalSection
	GlobalSection(SolutionProperties) = preSolution
		HideSolutionNode = FALSE
	EndGlobalSection
	GlobalSection(ExtensibilityGlobals) = postSolution
		SolutionGuid = {C94E7D82-0E19-453D-88A1-617D2CF16680}
	EndGlobalSection
EndGlobal
