
Microsoft Visual Studio Solution File, Format Version 12.00
# Visual Studio 15
VisualStudioVersion = 15.0.28307.168
MinimumVisualStudioVersion = 10.0.40219.1
Project("{FAE04EC0-301F-11D3-BF4B-00C04F79EFBC}") = "NullOperater", "NullOperater\NullOperater.csproj", "{FED22AF0-E235-4FF5-8D20-CEC4B0C30FAA}"
EndProject
Global
	GlobalSection(SolutionConfigurationPlatforms) = preSolution
		Debug|Any CPU = Debug|Any CPU
		Release|Any CPU = Release|Any CPU
	EndGlobalSection
	GlobalSection(ProjectConfigurationPlatforms) = postSolution
		{FED22AF0-E235-4FF5-8D20-CEC4B0C30FAA}.Debug|Any CPU.ActiveCfg = Debug|Any CPU
		{FED22AF0-E235-4FF5-8D20-CEC4B0C30FAA}.Debug|Any CPU.Build.0 = Debug|Any CPU
		{FED22AF0-E235-4FF5-8D20-CEC4B0C30FAA}.Release|Any CPU.ActiveCfg = Release|Any CPU
		{FED22AF0-E235-4FF5-8D20-CEC4B0C30FAA}.Release|Any CPU.Build.0 = Release|Any CPU
	EndGlobalSection
	GlobalSection(SolutionProperties) = preSolution
		HideSolutionNode = FALSE
	EndGlobalSection
	GlobalSection(ExtensibilityGlobals) = postSolution
		SolutionGuid = {E3C00BD8-E800-4C16-B856-0B4D64B8A68E}
	EndGlobalSection
EndGlobal
