
Microsoft Visual Studio Solution File, Format Version 12.00
# Visual Studio 15
VisualStudioVersion = 15.0.28307.168
MinimumVisualStudioVersion = 10.0.40219.1
Project("{FAE04EC0-301F-11D3-BF4B-00C04F79EFBC}") = "Get_Set속성", "Get_Set속성\Get_Set속성.csproj", "{977CD2BA-7589-4EC0-8A72-0BDF48DEEE0C}"
EndProject
Global
	GlobalSection(SolutionConfigurationPlatforms) = preSolution
		Debug|Any CPU = Debug|Any CPU
		Release|Any CPU = Release|Any CPU
	EndGlobalSection
	GlobalSection(ProjectConfigurationPlatforms) = postSolution
		{977CD2BA-7589-4EC0-8A72-0BDF48DEEE0C}.Debug|Any CPU.ActiveCfg = Debug|Any CPU
		{977CD2BA-7589-4EC0-8A72-0BDF48DEEE0C}.Debug|Any CPU.Build.0 = Debug|Any CPU
		{977CD2BA-7589-4EC0-8A72-0BDF48DEEE0C}.Release|Any CPU.ActiveCfg = Release|Any CPU
		{977CD2BA-7589-4EC0-8A72-0BDF48DEEE0C}.Release|Any CPU.Build.0 = Release|Any CPU
	EndGlobalSection
	GlobalSection(SolutionProperties) = preSolution
		HideSolutionNode = FALSE
	EndGlobalSection
	GlobalSection(ExtensibilityGlobals) = postSolution
		SolutionGuid = {D0C09DF7-6754-4E86-B3CB-85260A812484}
	EndGlobalSection
EndGlobal
